
Microsoft Visual Studio Solution File, Format Version 12.00
# Visual Studio Version 17
VisualStudioVersion = 17.10.35004.147
MinimumVisualStudioVersion = 10.0.40219.1
Project("{FAE04EC0-301F-11D3-BF4B-00C04F79EFBC}") = "CG2", "CG2\CG2.csproj", "{271CF0B8-3BCA-4473-8A9A-FDD984342731}"
EndProject
Global
	GlobalSection(SolutionConfigurationPlatforms) = preSolution
		Debug|Any CPU = Debug|Any CPU
		Release|Any CPU = Release|Any CPU
	EndGlobalSection
	GlobalSection(ProjectConfigurationPlatforms) = postSolution
		{271CF0B8-3BCA-4473-8A9A-FDD984342731}.Debug|Any CPU.ActiveCfg = Debug|Any CPU
		{271CF0B8-3BCA-4473-8A9A-FDD984342731}.Debug|Any CPU.Build.0 = Debug|Any CPU
		{271CF0B8-3BCA-4473-8A9A-FDD984342731}.Release|Any CPU.ActiveCfg = Release|Any CPU
		{271CF0B8-3BCA-4473-8A9A-FDD984342731}.Release|Any CPU.Build.0 = Release|Any CPU
	EndGlobalSection
	GlobalSection(SolutionProperties) = preSolution
		HideSolutionNode = FALSE
	EndGlobalSection
	GlobalSection(ExtensibilityGlobals) = postSolution
		SolutionGuid = {A4E104F1-A00F-4FC9-AAA0-4A77D1343426}
	EndGlobalSection
EndGlobal
